
Microsoft Visual Studio Solution File, Format Version 12.00
# Visual Studio Version 17
VisualStudioVersion = 17.10.35013.160
MinimumVisualStudioVersion = 10.0.40219.1
Project("{FAE04EC0-301F-11D3-BF4B-00C04F79EFBC}") = "SoundSphere.Api", "SoundSphere.Api\SoundSphere.Api.csproj", "{0D24CD5F-638D-40E1-9161-9E7838B0A86F}"
EndProject
Global
	GlobalSection(SolutionConfigurationPlatforms) = preSolution
		Debug|Any CPU = Debug|Any CPU
		Release|Any CPU = Release|Any CPU
	EndGlobalSection
	GlobalSection(ProjectConfigurationPlatforms) = postSolution
		{0D24CD5F-638D-40E1-9161-9E7838B0A86F}.Debug|Any CPU.ActiveCfg = Debug|Any CPU
		{0D24CD5F-638D-40E1-9161-9E7838B0A86F}.Debug|Any CPU.Build.0 = Debug|Any CPU
		{0D24CD5F-638D-40E1-9161-9E7838B0A86F}.Release|Any CPU.ActiveCfg = Release|Any CPU
		{0D24CD5F-638D-40E1-9161-9E7838B0A86F}.Release|Any CPU.Build.0 = Release|Any CPU
	EndGlobalSection
	GlobalSection(SolutionProperties) = preSolution
		HideSolutionNode = FALSE
	EndGlobalSection
	GlobalSection(ExtensibilityGlobals) = postSolution
		SolutionGuid = {42D4261B-6822-4CF2-B601-B8CAF1B938C3}
	EndGlobalSection
EndGlobal
